
Microsoft Visual Studio Solution File, Format Version 12.00
# Visual Studio Version 16
VisualStudioVersion = 16.0.29728.190
MinimumVisualStudioVersion = 10.0.40219.1
Project("{FAE04EC0-301F-11D3-BF4B-00C04F79EFBC}") = "CTCFWebAPI", "CTCFWebAPI\CTCFWebAPI.csproj", "{215A1F73-082B-42DA-AD4A-CCC89A711813}"
EndProject
Project("{FAE04EC0-301F-11D3-BF4B-00C04F79EFBC}") = "CTCFDataAccess", "CTCFDataAccess\CTCFDataAccess.csproj", "{CFE811D8-394A-4985-A3AA-48D1C49D9A05}"
EndProject
Global
	GlobalSection(SolutionConfigurationPlatforms) = preSolution
		Debug|Any CPU = Debug|Any CPU
		Release|Any CPU = Release|Any CPU
	EndGlobalSection
	GlobalSection(ProjectConfigurationPlatforms) = postSolution
		{215A1F73-082B-42DA-AD4A-CCC89A711813}.Debug|Any CPU.ActiveCfg = Debug|Any CPU
		{215A1F73-082B-42DA-AD4A-CCC89A711813}.Debug|Any CPU.Build.0 = Debug|Any CPU
		{215A1F73-082B-42DA-AD4A-CCC89A711813}.Release|Any CPU.ActiveCfg = Release|Any CPU
		{215A1F73-082B-42DA-AD4A-CCC89A711813}.Release|Any CPU.Build.0 = Release|Any CPU
		{CFE811D8-394A-4985-A3AA-48D1C49D9A05}.Debug|Any CPU.ActiveCfg = Debug|Any CPU
		{CFE811D8-394A-4985-A3AA-48D1C49D9A05}.Debug|Any CPU.Build.0 = Debug|Any CPU
		{CFE811D8-394A-4985-A3AA-48D1C49D9A05}.Release|Any CPU.ActiveCfg = Release|Any CPU
		{CFE811D8-394A-4985-A3AA-48D1C49D9A05}.Release|Any CPU.Build.0 = Release|Any CPU
	EndGlobalSection
	GlobalSection(SolutionProperties) = preSolution
		HideSolutionNode = FALSE
	EndGlobalSection
	GlobalSection(ExtensibilityGlobals) = postSolution
		SolutionGuid = {D4965577-9456-47C6-A0F9-0F2971391CDD}
	EndGlobalSection
EndGlobal
